<?xml version="1.0" encoding="utf-8"?>
<Project ToolsVersion="4.0" xmlns="http://schemas.microsoft.com/developer/msbuild/2003">
  <ItemGroup>
    <Filter Include="Fichiers sources">
      <UniqueIdentifier>{4FC737F1-C7A5-4376-A066-2A32D752A2FF}</UniqueIdentifier>
      <Extensions>cpp;c;cc;cxx;def;odl;idl;hpj;bat;asm;asmx</Extensions>
    </Filter>
    <Filter Include="Fichiers d%27en-tête">
      <UniqueIdentifier>{93995380-89BD-4b04-88EB-625FBE52EBFB}</UniqueIdentifier>
      <Extensions>h;hh;hpp;hxx;hm;inl;inc;xsd</Extensions>
    </Filter>
    <Filter Include="Fichiers de ressources">
      <UniqueIdentifier>{67DA6AB6-F800-4c08-8B7A-83BB121AAD01}</UniqueIdentifier>
      <Extensions>rc;ico;cur;bmp;dlg;rc2;rct;bin;rgs;gif;jpg;jpeg;jpe;resx;tiff;tif;png;wav;mfcribbon-ms</Extensions>
    </Filter>
    <Filter Include="Fichiers sources\src">
      <UniqueIdentifier>{e76a8aff-a3fb-413b-9254-8abcb1b30d8e}</UniqueIdentifier>
    </Filter>
    <Filter Include="Fichiers sources\src\GUI">
      <UniqueIdentifier>{bd3b09cc-f3a1-49ca-a84b-a701ee0233cc}</UniqueIdentifier>
    </Filter>
  </ItemGroup>
  <ItemGroup>
    <ResourceCompile Include="sample.rc">
      <Filter>Fichiers de ressources</Filter>
    </ResourceCompile>
  </ItemGroup>
  <ItemGroup>
    <ClCompile Include="src\OpenCVGraph.cpp">
      <Filter>Fichiers sources\src</Filter>
    </ClCompile>
    <ClCompile Include="src\GUI\MainFrame.cpp">
      <Filter>Fichiers sources\src\GUI</Filter>
    </ClCompile>
    <ClCompile Include="src\GUI\GraphView.cpp">
      <Filter>Fichiers sources\src\GUI</Filter>
    </ClCompile>
    <ClCompile Include="src\GUI\GUINode.cpp">
      <Filter>Fichiers sources\src\GUI</Filter>
    </ClCompile>
    <ClCompile Include="src\Node.cpp">
      <Filter>Fichiers sources\src</Filter>
    </ClCompile>
    <ClCompile Include="src\GUI\GUINodeParam.cpp">
      <Filter>Fichiers sources\src\GUI</Filter>
    </ClCompile>
    <ClCompile Include="src\GUI\NodesTree.cpp">
      <Filter>Fichiers sources\src\GUI</Filter>
    </ClCompile>
    <ClCompile Include="src\NodesProvider.cpp">
      <Filter>Fichiers sources\src</Filter>
    </ClCompile>
    <ClCompile Include="src\ModelNode.cpp">
      <Filter>Fichiers sources\src</Filter>
    </ClCompile>
    <ClCompile Include="src\GraphEngine.cpp">
      <Filter>Fichiers sources\src</Filter>
    </ClCompile>
    <ClCompile Include="src\Package.cpp">
      <Filter>Fichiers sources\src</Filter>
    </ClCompile>
    <ClCompile Include="src\Parameter.cpp">
      <Filter>Fichiers sources\src</Filter>
    </ClCompile>
  </ItemGroup>
  <ItemGroup>
    <ClInclude Include="src\GUI\MainFrame.h">
      <Filter>Fichiers sources\src\GUI</Filter>
    </ClInclude>
    <ClInclude Include="src\GUI\GraphView.h">
      <Filter>Fichiers sources\src\GUI</Filter>
    </ClInclude>
    <ClInclude Include="src\GUI\GUINode.h">
      <Filter>Fichiers sources\src\GUI</Filter>
    </ClInclude>
    <ClInclude Include="src\Node.h">
      <Filter>Fichiers sources\src</Filter>
    </ClInclude>
    <ClInclude Include="src\GUI\GUINodeParam.h">
      <Filter>Fichiers sources\src\GUI</Filter>
    </ClInclude>
    <ClInclude Include="src\GUI\NodesTree.h">
      <Filter>Fichiers sources\src\GUI</Filter>
    </ClInclude>
    <ClInclude Include="src\NodesProvider.h">
      <Filter>Fichiers sources\src</Filter>
    </ClInclude>
    <ClInclude Include="src\ModelNode.h">
      <Filter>Fichiers sources\src</Filter>
    </ClInclude>
    <ClInclude Include="src\GraphEngine.h">
      <Filter>Fichiers sources\src</Filter>
    </ClInclude>
    <ClInclude Include="src\Package.h">
      <Filter>Fichiers sources\src</Filter>
    </ClInclude>
    <ClInclude Include="src\PDll.h">
      <Filter>Fichiers sources\src</Filter>
    </ClInclude>
    <ClInclude Include="src\Parameter.h">
      <Filter>Fichiers sources\src</Filter>
    </ClInclude>
  </ItemGroup>
  <ItemGroup>
    <None Include="ClassDiagram.cd" />
    <None Include="ClassDiagram1.cd" />
  </ItemGroup>
</Project>